{
  "name": "TazmaniaLucBot",
  "version": "1.0.0",
  "lockfileVersion": 1,
  "requires": true,
  "dependencies": {
    "debug": {
      "version": "3.2.7",
      "resolved": "https://registry.npmjs.org/debug/-/debug-3.2.7.tgz",
      "integrity": "sha512-CFjzYYAi4ThfiQvizrFQevTTXHtnCqWfe7x1AhgEscTz6ZbLbfoLRLPugTQyBth6f8ZERVUSyWHFD/7Wu4t1XQ==",
      "requires": {
        "ms": "^2.1.1"
      }
    },
    "encoding": {
      "version": "0.1.13",
      "resolved": "https://registry.npmjs.org/encoding/-/encoding-0.1.13.tgz",
      "integrity": "sha512-ETBauow1T35Y/WZMkio9jiM0Z5xjHHmJ4XmjZOq1l/dXz3lr2sRn87nJy20RupqSh1F2m3HHPSp8ShIPQJrJ3A==",
      "requires": {
        "iconv-lite": "^0.6.2"
      }
    },
    "iconv-lite": {
      "version": "0.6.2",
      "resolved": "https://registry.npmjs.org/iconv-lite/-/iconv-lite-0.6.2.tgz",
      "integrity": "sha512-2y91h5OpQlolefMPmUlivelittSWy0rP+oYVpn6A7GwVHNE8AWzoYOBNmlwks3LobaJxgHCYZAnyNo2GgpNRNQ==",
      "requires": {
        "safer-buffer": ">= 2.1.2 < 3.0.0"
      }
    },
    "is-stream": {
      "version": "1.1.0",
      "resolved": "https://registry.npmjs.org/is-stream/-/is-stream-1.1.0.tgz",
      "integrity": "sha1-EtSj3U5o4Lec6428hBc66A2RykQ="
    },
    "ms": {
      "version": "2.1.3",
      "resolved": "https://registry.npmjs.org/ms/-/ms-2.1.3.tgz",
      "integrity": "sha512-6FlzubTLZG3J2a/NVCAleEhjzq5oxgHyaCU9yYXvcLsvoVaHJq/s5xXI6/XXP6tz7R9xAOtHnSO/tXtF3WRTlA=="
    },
    "node-fetch": {
      "version": "1.7.3",
      "resolved": "https://registry.npmjs.org/node-fetch/-/node-fetch-1.7.3.tgz",
      "integrity": "sha512-NhZ4CsKx7cYm2vSrBAr2PvFOe6sWDf0UYLRqA6svUYg7+/TSfVAu49jYC4BvQ4Sms9SZgdqGBgroqfDhJdTyKQ==",
      "requires": {
        "encoding": "^0.1.11",
        "is-stream": "^1.0.1"
      }
    },
    "safer-buffer": {
      "version": "2.1.2",
      "resolved": "https://registry.npmjs.org/safer-buffer/-/safer-buffer-2.1.2.tgz",
      "integrity": "sha512-YZo3K82SD7Riyi0E1EQPojLz7kpepnSQI9IyPbHHg1XXXevb5dJI7tpyN2ADxGcQbHG7vcyRHk0cbwqcQriUtg=="
    },
    "sandwich-stream": {
      "version": "1.0.0",
      "resolved": "https://registry.npmjs.org/sandwich-stream/-/sandwich-stream-1.0.0.tgz",
      "integrity": "sha1-eDDkV5e1kzKH8fmyj4cZB0ViYvI="
    },
    "telegraf": {
      "version": "3.17.3",
      "resolved": "https://registry.npmjs.org/telegraf/-/telegraf-3.17.3.tgz",
      "integrity": "sha512-uCwtyoPR5eqYuf9bhHqW3PXDrdFpIx+rfng5jE48UIK1Vb5yG9nRKVzqW2dUC0aaNNS3oGTZdJNW+Rf/bIZ2BA==",
      "requires": {
        "debug": "^3.0.0",
        "node-fetch": "^1.6.3",
        "sandwich-stream": "^1.0.0"
      }
    },
    "telegraf-inline-menu": {
      "version": "6.1.0",
      "resolved": "https://registry.npmjs.org/telegraf-inline-menu/-/telegraf-inline-menu-6.1.0.tgz",
      "integrity": "sha512-yZxTfGCxpykT1Xsf5+Soau8Vq54hZMPRVCkB7YgkQDGYZRTpjVFCyGZucuICVXZ01/WHavB5TWSXsGAdOQ1BYQ==",
      "requires": {
        "typegram": "^3.0.2"
      }
    },
    "typegram": {
      "version": "3.1.9",
      "resolved": "https://registry.npmjs.org/typegram/-/typegram-3.1.9.tgz",
      "integrity": "sha512-qF1cR8W7pm9oohLYPwH8jPZY3dRgA3/jjx0O83sKYHg1RYxIO90oEKH5FmnMq0lhGtX75pH0XOtyIU5e7hve4Q=="
    }
  }
}
